
Microsoft Visual Studio Solution File, Format Version 12.00
# Visual Studio Version 17
VisualStudioVersion = 17.14.36429.23 d17.14
MinimumVisualStudioVersion = 10.0.40219.1
Project("{FAE04EC0-301F-11D3-BF4B-00C04F79EFBC}") = "Das_Project_4", "Das_Project_4\Das_Project_4.csproj", "{DE9978F5-E87E-44BB-9472-38220C2D6D98}"
EndProject
Global
	GlobalSection(SolutionConfigurationPlatforms) = preSolution
		Debug|Any CPU = Debug|Any CPU
		Release|Any CPU = Release|Any CPU
	EndGlobalSection
	GlobalSection(ProjectConfigurationPlatforms) = postSolution
		{DE9978F5-E87E-44BB-9472-38220C2D6D98}.Debug|Any CPU.ActiveCfg = Debug|Any CPU
		{DE9978F5-E87E-44BB-9472-38220C2D6D98}.Debug|Any CPU.Build.0 = Debug|Any CPU
		{DE9978F5-E87E-44BB-9472-38220C2D6D98}.Release|Any CPU.ActiveCfg = Release|Any CPU
		{DE9978F5-E87E-44BB-9472-38220C2D6D98}.Release|Any CPU.Build.0 = Release|Any CPU
	EndGlobalSection
	GlobalSection(SolutionProperties) = preSolution
		HideSolutionNode = FALSE
	EndGlobalSection
	GlobalSection(ExtensibilityGlobals) = postSolution
		SolutionGuid = {05974525-6462-408B-9D87-847C8A136506}
	EndGlobalSection
EndGlobal
